# THIS IS AN AUTOGENERATED FILE. DO NOT EDIT THIS FILE DIRECTLY.
assets/IMG_0204.jpg:
  development: 2016-05-11T20:16:49-04:00   a470758cce45403b900d6034404a0dff
assets/NG-circle-logo.png:
  development: 2016-05-11T20:16:49-04:00   c163a88eefd8db1e490bdf53f5d0df07
assets/SuperGroteskPro.eot:
  development: 2016-11-18T15:32:20-05:00   b150b69a7c52566913d3d11860258778
assets/SuperGroteskPro.otf:
  development: 2016-11-18T15:32:22-05:00   34912c8a1c2371923ca0cb32fc5e42e9
assets/SuperGroteskPro.svg:
  development: 2016-11-18T15:32:26-05:00   c2edc9684599267be56d7f82158efd3b
assets/SuperGroteskPro.ttf:
  development: 2016-11-18T15:32:29-05:00   abe9b3af7bb2cd66dee1181c9c1e1116
assets/SuperGroteskPro.woff:
  development: 2016-11-18T15:32:30-05:00   2a543afd69c328ddeead3fb7f04d43dd
assets/SuperGroteskWeb-Medium.woff:
  development: 2017-04-11T11:36:58-04:00   2304a541a4001cac9dd3262a1a3cffec
assets/SuperGroteskWeb.woff:
  development: 2017-04-11T11:36:58-04:00   87406cc64086f30cc20f1656308e2856
assets/arrow-down.svg.liquid:
  development: 2016-05-11T20:16:48-04:00   3d86e10debe8b76a0ed23e8efdf2eaa3
assets/arrow-left.svg:
  development: 2017-07-18T09:43:46-04:00   c1abf03e355abdcc19293a545e94be64
assets/arrow-right.svg:
  development: 2017-07-18T09:43:49-04:00   9ccecc9f4b132e123f134342d5670240
assets/bag.svg:
  development: 2016-11-18T15:30:14-05:00   88eb5d16c91b9e35b1bbf3f81046c60a
assets/cart.svg.liquid:
  development: 2016-05-11T20:16:48-04:00   debed3e55e808dd299c78e2ba6f2f4f8
assets/homepage.jpg:
  development: 2016-05-11T20:16:48-04:00   a470758cce45403b900d6034404a0dff
assets/icon--down.svg:
  development: 2016-05-11T20:16:48-04:00   3d7d7d4aea4e613511d1d945e7f4486a
assets/magnify.svg:
  development: 2016-11-18T15:30:10-05:00   75793655d8b7036b6df9a15dd00919d5
assets/main.css:
  development: 2016-11-18T15:31:18-05:00   c146d23a0f7efd4090e0c1524fc6356e
assets/main.min.css:
  development: 2016-11-18T15:31:20-05:00   33446f94deac9f575556fe1d3968b637
assets/main.min.js:
  development: 2016-05-11T20:16:49-04:00   a704a7a9c51299898b35be7812f6382d
assets/preview.html:
  development: 2016-11-18T15:31:23-05:00   b41dc033cfd6a6af6e1af072e3e185ab
assets/shop.js.liquid:
  development: 2016-05-11T20:16:49-04:00   89da6f1e6c5b3e9dc93f9791fc7128f7
assets/shopify_common.js:
  development: 2016-05-11T20:16:49-04:00   bf001459d7d6c7c05491db53511b03b1
assets/ss-gizmo.eot:
  development: 2016-11-18T15:31:28-05:00   03201c49fb6a454cf244d7d0c63a12b7
assets/ss-gizmo.js:
  development: 2016-11-18T15:31:30-05:00   217f55374910796ce8409d3d70e719ae
assets/ss-gizmo.svg:
  development: 2016-11-18T15:31:33-05:00   03ef68a7857eb6b9b1a25c7daba3ee3f
assets/ss-gizmo.ttf:
  development: 2016-11-18T15:31:35-05:00   6886f9f25873dfec7643dc940cf8c11c
assets/ss-gizmo.woff:
  development: 2016-11-18T15:31:37-05:00   efece30239a2068532699d1c0a37c4f3
assets/ss-glyphish-outlined.eot:
  development: 2016-11-18T15:31:42-05:00   c33604a6f38a78ba423f81e209c54ed3
assets/ss-glyphish-outlined.js:
  development: 2016-11-18T15:31:43-05:00   cd426686cb3f00513cc5ae2dc6097508
assets/ss-glyphish-outlined.svg:
  development: 2016-11-18T15:31:48-05:00   131948eb02a8ca75cf62b318b5c8fa41
assets/ss-glyphish-outlined.ttf:
  development: 2016-11-18T15:31:51-05:00   4eb686be75374d452999acf980ee4c5b
assets/ss-glyphish-outlined.woff:
  development: 2016-11-18T15:31:54-05:00   3d33e7964b78103b63c7af9a174f1274
assets/ss-social-circle-.eot:
  development: 2016-11-18T15:31:55-05:00   8d1e85f6a8c2c0bb62af50b86fde0992
assets/ss-social-circle.eot:
  development: 2016-11-18T15:31:57-05:00   8d1e85f6a8c2c0bb62af50b86fde0992
assets/ss-social-circle.svg:
  development: 2016-11-18T15:31:59-05:00   b990b1e5a37f0d530344a5039951139f
assets/ss-social-circle.ttf:
  development: 2016-11-18T15:32:03-05:00   ce0ab507a6fb14e55d8ba3d5d23262be
assets/ss-social-circle.woff:
  development: 2016-11-18T15:32:05-05:00   3ec3458f0398f5e731f40335ccb53241
assets/ss-social-regular-.eot:
  development: 2016-11-18T15:32:06-05:00   146f35cfa215144cf75fc805309a1ea8
assets/ss-social-regular.eot:
  development: 2016-11-18T15:32:07-05:00   146f35cfa215144cf75fc805309a1ea8
assets/ss-social-regular.svg:
  development: 2016-11-18T15:32:10-05:00   d6791b929987b8a6edcbd0bc515db974
assets/ss-social-regular.ttf:
  development: 2016-11-18T15:32:11-05:00   d84d3b8b1708cff64f11d28c3044f87b
assets/ss-social-regular.woff:
  development: 2016-11-18T15:32:13-05:00   f9862a271fde3d845b29dd4f0322ca7b
assets/style.scss.liquid:
  development: 2016-05-11T20:16:50-04:00   f5f1c4d6998f5ae85e8a68b24f51e30f
assets/styles.css:
  development: 2016-11-18T15:32:17-05:00   3af17ee43dba18964aa6c7bf77703c63
assets/timeline-white.svg:
  development: 2017-04-11T11:28:06-04:00   acc22f75aade8b944a1b697ee6f753d5
assets/timeline.css:
  development: 2017-09-22T18:21:54-04:00   301a4cb3a3fe798080d500fa1211c97b
assets/timeline.js:
  development: 2018-02-27T20:35:40-05:00   28196c2b46bcad7f103f9e25ade92dde
assets/timeline.svg:
  development: 2016-06-29T13:41:39-04:00   c9d4137c24d2b6ec0dad40a73bf4065c
assets/transparent.png:
  development: 2016-11-18T15:48:33-05:00   a10c48bf3eb8f2411eb7cf0a848cd891
assets/vendor.min.js:
  development: 2016-05-11T20:16:50-04:00   32703f10ad3ae3987ef0acba3f3a3337
assets/x.svg:
  development: 2017-07-19T17:56:25-04:00   ebc5818957827ed8a9b3032800507d29
config/settings_data.json:
  development: 2018-02-27T20:34:06-05:00   04e91652868d45e315a762b332e4dc38
config/settings_schema.json:
  development: 2017-09-24T11:26:50-04:00   c9fce564fb7f54afad86d4633027ce7e
layout/theme.liquid:
  development: 2017-09-24T11:28:31-04:00   edc90ade6d318756ee3c94ae53a2dfd9
locales/en.default.json:
  development: 2016-05-11T20:26:48-04:00   76301aa0c9c472fe01bb0e1e462eb8f4
snippets/ajaxify-cart.liquid:
  development: 2018-02-27T20:34:25-05:00   bc76757ac721aa1c19d0f19060320654
snippets/article-grid-item.liquid:
  development: 2016-05-11T20:16:50-04:00   99d1be50ecf02508409614035c060e18
snippets/cart.liquid:
  development: 2016-05-11T20:16:50-04:00
snippets/collection-grid-item.liquid:
  development: 2016-05-11T20:16:50-04:00   9bc03ebadf875091d5e2eca67c30c490
snippets/collection-listing.liquid:
  development: 2016-05-11T20:16:50-04:00   0204a384895375337c0907e7a82d7ffb
snippets/footer.liquid:
  development: 2017-09-24T20:00:17-04:00   cf56a111918d9f9927e4a8694af0adc6
snippets/header-search.liquid:
  development: 2017-06-22T16:05:38-04:00   9628166502f30105e7349b0187c686f9
snippets/header.liquid:
  development: 2017-06-23T15:13:55-04:00   f10f315cdc03d5b1589d066e368af28c
snippets/mailing-list.liquid:
  development: 2016-05-11T20:16:50-04:00   dbc4d6822cb9a59ce355a3539193b71f
snippets/mobile-menu.liquid:
  development: 2017-06-22T16:04:46-04:00   33bb295e6781e8d0f101e16876c76fa9
snippets/nav_band.liquid:
  development: 2017-04-18T19:29:37-04:00   9e47bc02850cb97724282228c0b6a3b9
snippets/open-graph-tags.liquid:
  development: 2016-05-11T20:16:50-04:00   7abc94cf8c4217a30a5dcd98650eba4d
snippets/page-header.liquid:
  development: 2017-07-19T19:23:25-04:00   d4f94d7e9dea38fb1d56cd8afd0ee050
snippets/product-grid-item.liquid:
  development: 2017-06-23T14:23:36-04:00   6cce6f2e45b6a7ee25e5e1c1f289b9f4
snippets/product-images.liquid:
  development: 2017-08-01T13:38:40-04:00   193596dbd668d3a1e5bbbd8c07f069f0
snippets/product-info.liquid:
  development: 2017-08-14T16:14:02-04:00   06aa399bcace739cbf196fe43d492224
snippets/product-title.liquid:
  development: 2016-05-11T20:16:50-04:00   1f8d9c7c7f4e4684088971f765d4d838
snippets/related-products.liquid:
  development: 2017-07-26T15:51:17-04:00   608f387ce018c8ed76e86cd28f4d52fc
snippets/shopify-bag.liquid:
  development: 2018-02-27T20:34:29-05:00   e1a247db4789f0db76bcb209876db0c6
snippets/site-nav.liquid:
  development: 2016-05-11T20:16:50-04:00   a6d977dc61bd322ced21e2bec7df62ea
snippets/social-links.liquid:
  development: 2016-05-11T20:16:50-04:00   4a6dfe2a44e76037b90aa9eafc1c4b62
snippets/twitter-card.liquid:
  development: 2016-05-11T20:16:50-04:00   d890500f75624d5697d7181e7b187985
templates/404.liquid:
  development: 2016-07-08T12:02:26-04:00   6ad49ba172ebf8f03ee8d382ca6914ca
templates/article.liquid:
  development: 2016-11-18T15:33:08-05:00   aa75b41a1c2c10a52608c75758a1d310
templates/blog.grid.liquid:
  development: 2016-05-11T20:16:50-04:00   86be3e0e650207dd0893ab14ae349a6e
templates/blog.liquid:
  development: 2016-11-18T15:33:10-05:00   f0850fcfcc3fba6a8cba088cdb03276c
templates/cart.liquid:
  development: 2018-02-27T20:34:09-05:00   0b6f4e57e92f30a8187746b34612b5f3
templates/collection.comingsoon.liquid:
  development: 2017-01-22T11:59:52-05:00   3a30edc66d0b91c0f58278148c561042
templates/collection.liquid:
  development: 2017-09-22T18:11:18-04:00   069c32c8ea4970f5623c92de23f94dbe
templates/collection.noprices.liquid:
  development: 2017-06-23T14:24:07-04:00   905330dce4f592547d2255d0ab17531d
templates/index.liquid:
  development: 2017-04-18T19:20:07-04:00   1740f6167e776e441cf32ed58f8f3bbf
templates/list-collections.liquid:
  development: 2017-06-22T19:07:11-04:00   98e251632f080aad89a279d48aa858dc
templates/page.liquid:
  development: 2016-05-11T20:16:50-04:00   5fb1146e3f18ae79e13b0aebcc37c068
templates/page.lookbook.liquid:
  development: 2016-05-11T20:16:50-04:00   4bc5d8c09d317a70ce76562e998de35a
templates/page.stockist.liquid:
  development: 2016-05-11T20:16:50-04:00   5fb1146e3f18ae79e13b0aebcc37c068
templates/password.liquid:
  development: 2017-04-18T19:32:00-04:00   3e3cb4d74d54a9cff84d35ab87bf583c
templates/product-images.liquid:
  development: 2016-05-11T20:16:50-04:00   463d687da7ccfdf71d46e8b66af0916f
templates/product-info.liquid:
  development: 2016-05-11T20:16:50-04:00
templates/product.liquid:
  development: 2017-08-14T16:23:46-04:00   43e04825585347195721f2ac005ef490
templates/search.liquid:
  development: 2016-05-11T20:16:50-04:00   0d4e74abdfe6b648da8f5f116b3b1569
